{
  "name": "my-cli-app",
  "version": "1.0.0",
  "lockfileVersion": 3,
  "requires": true,
  "packages": {
    "": {
      "name": "my-cli-app",
      "version": "1.0.0",
      "license": "MIT",
      "dependencies": {
        "commander": "^14.0.1",
        "web-features": "^3.1.0"
      },
      "bin": {
        "my-cli-app": "bin/cli.js"
      },
      "devDependencies": {
        "@types/node": "^14.0.0",
        "typescript": "^4.0.0"
      }
    },
    "node_modules/@types/node": {
      "version": "14.18.63",
      "resolved": "https://registry.npmjs.org/@types/node/-/node-14.18.63.tgz",
      "integrity": "sha512-fAtCfv4jJg+ExtXhvCkCqUKZ+4ok/JQk01qDKhL5BDDoS3AxKXhV5/MAVUZyQnSEd2GT92fkgZl0pz0Q0AzcIQ==",
      "dev": true
    },
    "node_modules/commander": {
      "version": "14.0.1",
      "resolved": "https://registry.npmjs.org/commander/-/commander-14.0.1.tgz",
      "integrity": "sha512-2JkV3gUZUVrbNA+1sjBOYLsMZ5cEEl8GTFP2a4AVz5hvasAMCQ1D2l2le/cX+pV4N6ZU17zjUahLpIXRrnWL8A==",
      "engines": {
        "node": ">=20"
      }
    },
    "node_modules/typescript": {
      "version": "4.9.5",
      "resolved": "https://registry.npmjs.org/typescript/-/typescript-4.9.5.tgz",
      "integrity": "sha512-1FXk9E2Hm+QzZQ7z+McJiHL4NW1F2EzMu9Nq9i3zAaGqibafqYwCVU6WyWAuyQRRzOlxou8xZSyXLEN8oKj24g==",
      "dev": true,
      "bin": {
        "tsc": "bin/tsc",
        "tsserver": "bin/tsserver"
      },
      "engines": {
        "node": ">=4.2.0"
      }
    },
    "node_modules/web-features": {
      "version": "3.1.0",
      "resolved": "https://registry.npmjs.org/web-features/-/web-features-3.1.0.tgz",
      "integrity": "sha512-Qa91dX/87XTWp77zr7pE1LXIaoABtBWH3mxMdPbRzzSe04Q9zx/WKWng/lFPv4IdsztUFPiAqB1JnE+27cDbfw=="
    }
  }
}
